
Microsoft Visual Studio Solution File, Format Version 12.00
# Visual Studio Version 16
VisualStudioVersion = 16.0.33927.289
MinimumVisualStudioVersion = 10.0.40219.1
Project("{2150E333-8FDC-42A3-9474-1A3956D46DE8}") = "Task0", "Task0", "{7BA3E7DB-B203-46E2-8F17-0067134DC65B}"
EndProject
Project("{FAE04EC0-301F-11D3-BF4B-00C04F79EFBC}") = "Tyuiu.KultyshevaEA.Sprint3.Task0.V24", "Tyuiu.KultyshevaEA.Sprint3.Task0.V24\Tyuiu.KultyshevaEA.Sprint3.Task0.V24.csproj", "{FCCB12EA-9C4B-4448-B482-43B96FCA8043}"
EndProject
Project("{FAE04EC0-301F-11D3-BF4B-00C04F79EFBC}") = "Tyuiu.KultyshevaEA.Sprint3.Task0.V24.Lib", "Tyuiu.KultyshevaEA.Sprint3.Task0.V24.Lib\Tyuiu.KultyshevaEA.Sprint3.Task0.V24.Lib.csproj", "{04F17D1C-2F8A-4A22-AF34-C82BED2979C7}"
EndProject
Project("{FAE04EC0-301F-11D3-BF4B-00C04F79EFBC}") = "Tyuiu.KultyshevaEA.Sprint3.Task0.V24.Test", "Tyuiu.KultyshevaEA.Sprint3.Task0.V24.Test\Tyuiu.KultyshevaEA.Sprint3.Task0.V24.Test.csproj", "{C90B7E19-AF5D-46C4-BAB7-EEE019C7B6BB}"
EndProject
Project("{2150E333-8FDC-42A3-9474-1A3956D46DE8}") = "Task1", "Task1", "{EFCB31B7-C98F-4074-AD6A-20879FD99E78}"
EndProject
Project("{FAE04EC0-301F-11D3-BF4B-00C04F79EFBC}") = "Tyuiu.KultyshevaEA.Sprint3.Task1.V24", "Tyuiu.KultyshevaEA.Sprint3.Task1.V24\Tyuiu.KultyshevaEA.Sprint3.Task1.V24.csproj", "{85403672-53E3-409B-9BDA-D8075CE46490}"
EndProject
Project("{FAE04EC0-301F-11D3-BF4B-00C04F79EFBC}") = "Tyuiu.KultyshevaEA.Sprint3.Task1.V24.Lib", "Tyuiu.KultyshevaEA.Sprint3.Task1.V24.Lib\Tyuiu.KultyshevaEA.Sprint3.Task1.V24.Lib.csproj", "{CEA4A336-06CB-4B69-91A0-DCC2021BA112}"
EndProject
Project("{FAE04EC0-301F-11D3-BF4B-00C04F79EFBC}") = "Tyuiu.KultyshevaEA.Sprint3.Task1.V24.Test", "Tyuiu.KultyshevaEA.Sprint3.Task1.V24.Test\Tyuiu.KultyshevaEA.Sprint3.Task1.V24.Test.csproj", "{E921836A-E0A9-4FB0-B58F-5E6366A6F1E0}"
EndProject
Project("{2150E333-8FDC-42A3-9474-1A3956D46DE8}") = "Task2", "Task2", "{1BF104F8-E864-467E-9374-AE95532A58B9}"
EndProject
Project("{FAE04EC0-301F-11D3-BF4B-00C04F79EFBC}") = "Tyuiu.KultyshevaEA.Sprint3.Task2.V30", "Tyuiu.KultyshevaEA.Sprint3.Task2.V30\Tyuiu.KultyshevaEA.Sprint3.Task2.V30.csproj", "{6F4E3D9A-191F-46FB-B300-AE03CD95AB4C}"
EndProject
Project("{FAE04EC0-301F-11D3-BF4B-00C04F79EFBC}") = "Tyuiu.KultyshevaEA.Sprint3.Task2.V30.Lib", "Tyuiu.KultyshevaEA.Sprint3.Task2.V30.Lib\Tyuiu.KultyshevaEA.Sprint3.Task2.V30.Lib.csproj", "{61AC1BD8-A0BA-4C98-B3BB-7DBE2B0FC393}"
EndProject
Project("{FAE04EC0-301F-11D3-BF4B-00C04F79EFBC}") = "Tyuiu.KultyshevaEA.Sprint3.Task2.V30.Test", "Tyuiu.KultyshevaEA.Sprint3.Task2.V30.Test\Tyuiu.KultyshevaEA.Sprint3.Task2.V30.Test.csproj", "{D89A5BD8-2E11-4BD8-99D6-09FB3DEC70D3}"
EndProject
Project("{2150E333-8FDC-42A3-9474-1A3956D46DE8}") = "Task3", "Task3", "{9251D675-96EC-480A-A350-66C10F3D4EFA}"
EndProject
Project("{FAE04EC0-301F-11D3-BF4B-00C04F79EFBC}") = "Tyuiu.KultyshevaEA.Sprint3.Task3.V7", "Tyuiu.KultyshevaEA.Sprint3.Task3.V7\Tyuiu.KultyshevaEA.Sprint3.Task3.V7.csproj", "{C2FDDB0A-796E-44C5-8559-D5EDF872D65B}"
EndProject
Project("{FAE04EC0-301F-11D3-BF4B-00C04F79EFBC}") = "Tyuiu.KultyshevaEA.Sprint3.Task3.V7.Lib", "Tyuiu.KultyshevaEA.Sprint3.Task3.V7.Lib\Tyuiu.KultyshevaEA.Sprint3.Task3.V7.Lib.csproj", "{53145121-B2DF-44EB-B11C-8A711A90D2EF}"
EndProject
Project("{FAE04EC0-301F-11D3-BF4B-00C04F79EFBC}") = "Tyuiu.KultyshevaEA.Sprint3.Task3.V7.Test", "Tyuiu.KultyshevaEA.Sprint3.Task3.V7.Test\Tyuiu.KultyshevaEA.Sprint3.Task3.V7.Test.csproj", "{716C73A2-CDA5-4A90-BAD3-5D792906E4D5}"
EndProject
Global
	GlobalSection(SolutionConfigurationPlatforms) = preSolution
		Debug|Any CPU = Debug|Any CPU
		Release|Any CPU = Release|Any CPU
	EndGlobalSection
	GlobalSection(ProjectConfigurationPlatforms) = postSolution
		{FCCB12EA-9C4B-4448-B482-43B96FCA8043}.Debug|Any CPU.ActiveCfg = Debug|Any CPU
		{FCCB12EA-9C4B-4448-B482-43B96FCA8043}.Debug|Any CPU.Build.0 = Debug|Any CPU
		{FCCB12EA-9C4B-4448-B482-43B96FCA8043}.Release|Any CPU.ActiveCfg = Release|Any CPU
		{FCCB12EA-9C4B-4448-B482-43B96FCA8043}.Release|Any CPU.Build.0 = Release|Any CPU
		{04F17D1C-2F8A-4A22-AF34-C82BED2979C7}.Debug|Any CPU.ActiveCfg = Debug|Any CPU
		{04F17D1C-2F8A-4A22-AF34-C82BED2979C7}.Debug|Any CPU.Build.0 = Debug|Any CPU
		{04F17D1C-2F8A-4A22-AF34-C82BED2979C7}.Release|Any CPU.ActiveCfg = Release|Any CPU
		{04F17D1C-2F8A-4A22-AF34-C82BED2979C7}.Release|Any CPU.Build.0 = Release|Any CPU
		{C90B7E19-AF5D-46C4-BAB7-EEE019C7B6BB}.Debug|Any CPU.ActiveCfg = Debug|Any CPU
		{C90B7E19-AF5D-46C4-BAB7-EEE019C7B6BB}.Debug|Any CPU.Build.0 = Debug|Any CPU
		{C90B7E19-AF5D-46C4-BAB7-EEE019C7B6BB}.Release|Any CPU.ActiveCfg = Release|Any CPU
		{C90B7E19-AF5D-46C4-BAB7-EEE019C7B6BB}.Release|Any CPU.Build.0 = Release|Any CPU
		{85403672-53E3-409B-9BDA-D8075CE46490}.Debug|Any CPU.ActiveCfg = Debug|Any CPU
		{85403672-53E3-409B-9BDA-D8075CE46490}.Debug|Any CPU.Build.0 = Debug|Any CPU
		{85403672-53E3-409B-9BDA-D8075CE46490}.Release|Any CPU.ActiveCfg = Release|Any CPU
		{85403672-53E3-409B-9BDA-D8075CE46490}.Release|Any CPU.Build.0 = Release|Any CPU
		{CEA4A336-06CB-4B69-91A0-DCC2021BA112}.Debug|Any CPU.ActiveCfg = Debug|Any CPU
		{CEA4A336-06CB-4B69-91A0-DCC2021BA112}.Debug|Any CPU.Build.0 = Debug|Any CPU
		{CEA4A336-06CB-4B69-91A0-DCC2021BA112}.Release|Any CPU.ActiveCfg = Release|Any CPU
		{CEA4A336-06CB-4B69-91A0-DCC2021BA112}.Release|Any CPU.Build.0 = Release|Any CPU
		{E921836A-E0A9-4FB0-B58F-5E6366A6F1E0}.Debug|Any CPU.ActiveCfg = Debug|Any CPU
		{E921836A-E0A9-4FB0-B58F-5E6366A6F1E0}.Debug|Any CPU.Build.0 = Debug|Any CPU
		{E921836A-E0A9-4FB0-B58F-5E6366A6F1E0}.Release|Any CPU.ActiveCfg = Release|Any CPU
		{E921836A-E0A9-4FB0-B58F-5E6366A6F1E0}.Release|Any CPU.Build.0 = Release|Any CPU
		{6F4E3D9A-191F-46FB-B300-AE03CD95AB4C}.Debug|Any CPU.ActiveCfg = Debug|Any CPU
		{6F4E3D9A-191F-46FB-B300-AE03CD95AB4C}.Debug|Any CPU.Build.0 = Debug|Any CPU
		{6F4E3D9A-191F-46FB-B300-AE03CD95AB4C}.Release|Any CPU.ActiveCfg = Release|Any CPU
		{6F4E3D9A-191F-46FB-B300-AE03CD95AB4C}.Release|Any CPU.Build.0 = Release|Any CPU
		{61AC1BD8-A0BA-4C98-B3BB-7DBE2B0FC393}.Debug|Any CPU.ActiveCfg = Debug|Any CPU
		{61AC1BD8-A0BA-4C98-B3BB-7DBE2B0FC393}.Debug|Any CPU.Build.0 = Debug|Any CPU
		{61AC1BD8-A0BA-4C98-B3BB-7DBE2B0FC393}.Release|Any CPU.ActiveCfg = Release|Any CPU
		{61AC1BD8-A0BA-4C98-B3BB-7DBE2B0FC393}.Release|Any CPU.Build.0 = Release|Any CPU
		{D89A5BD8-2E11-4BD8-99D6-09FB3DEC70D3}.Debug|Any CPU.ActiveCfg = Debug|Any CPU
		{D89A5BD8-2E11-4BD8-99D6-09FB3DEC70D3}.Debug|Any CPU.Build.0 = Debug|Any CPU
		{D89A5BD8-2E11-4BD8-99D6-09FB3DEC70D3}.Release|Any CPU.ActiveCfg = Release|Any CPU
		{D89A5BD8-2E11-4BD8-99D6-09FB3DEC70D3}.Release|Any CPU.Build.0 = Release|Any CPU
		{C2FDDB0A-796E-44C5-8559-D5EDF872D65B}.Debug|Any CPU.ActiveCfg = Debug|Any CPU
		{C2FDDB0A-796E-44C5-8559-D5EDF872D65B}.Debug|Any CPU.Build.0 = Debug|Any CPU
		{C2FDDB0A-796E-44C5-8559-D5EDF872D65B}.Release|Any CPU.ActiveCfg = Release|Any CPU
		{C2FDDB0A-796E-44C5-8559-D5EDF872D65B}.Release|Any CPU.Build.0 = Release|Any CPU
		{53145121-B2DF-44EB-B11C-8A711A90D2EF}.Debug|Any CPU.ActiveCfg = Debug|Any CPU
		{53145121-B2DF-44EB-B11C-8A711A90D2EF}.Debug|Any CPU.Build.0 = Debug|Any CPU
		{53145121-B2DF-44EB-B11C-8A711A90D2EF}.Release|Any CPU.ActiveCfg = Release|Any CPU
		{53145121-B2DF-44EB-B11C-8A711A90D2EF}.Release|Any CPU.Build.0 = Release|Any CPU
		{716C73A2-CDA5-4A90-BAD3-5D792906E4D5}.Debug|Any CPU.ActiveCfg = Debug|Any CPU
		{716C73A2-CDA5-4A90-BAD3-5D792906E4D5}.Debug|Any CPU.Build.0 = Debug|Any CPU
		{716C73A2-CDA5-4A90-BAD3-5D792906E4D5}.Release|Any CPU.ActiveCfg = Release|Any CPU
		{716C73A2-CDA5-4A90-BAD3-5D792906E4D5}.Release|Any CPU.Build.0 = Release|Any CPU
	EndGlobalSection
	GlobalSection(SolutionProperties) = preSolution
		HideSolutionNode = FALSE
	EndGlobalSection
	GlobalSection(NestedProjects) = preSolution
		{FCCB12EA-9C4B-4448-B482-43B96FCA8043} = {7BA3E7DB-B203-46E2-8F17-0067134DC65B}
		{04F17D1C-2F8A-4A22-AF34-C82BED2979C7} = {7BA3E7DB-B203-46E2-8F17-0067134DC65B}
		{C90B7E19-AF5D-46C4-BAB7-EEE019C7B6BB} = {7BA3E7DB-B203-46E2-8F17-0067134DC65B}
		{85403672-53E3-409B-9BDA-D8075CE46490} = {EFCB31B7-C98F-4074-AD6A-20879FD99E78}
		{CEA4A336-06CB-4B69-91A0-DCC2021BA112} = {EFCB31B7-C98F-4074-AD6A-20879FD99E78}
		{E921836A-E0A9-4FB0-B58F-5E6366A6F1E0} = {EFCB31B7-C98F-4074-AD6A-20879FD99E78}
		{6F4E3D9A-191F-46FB-B300-AE03CD95AB4C} = {1BF104F8-E864-467E-9374-AE95532A58B9}
		{61AC1BD8-A0BA-4C98-B3BB-7DBE2B0FC393} = {1BF104F8-E864-467E-9374-AE95532A58B9}
		{D89A5BD8-2E11-4BD8-99D6-09FB3DEC70D3} = {1BF104F8-E864-467E-9374-AE95532A58B9}
		{C2FDDB0A-796E-44C5-8559-D5EDF872D65B} = {9251D675-96EC-480A-A350-66C10F3D4EFA}
		{53145121-B2DF-44EB-B11C-8A711A90D2EF} = {9251D675-96EC-480A-A350-66C10F3D4EFA}
		{716C73A2-CDA5-4A90-BAD3-5D792906E4D5} = {9251D675-96EC-480A-A350-66C10F3D4EFA}
	EndGlobalSection
	GlobalSection(ExtensibilityGlobals) = postSolution
		SolutionGuid = {BA5886BF-C08E-442B-B5C2-DB7C2E7B1748}
	EndGlobalSection
EndGlobal
