
Microsoft Visual Studio Solution File, Format Version 12.00
# Visual Studio Version 16
VisualStudioVersion = 16.0.33927.289
MinimumVisualStudioVersion = 10.0.40219.1
Project("{2150E333-8FDC-42A3-9474-1A3956D46DE8}") = "Task0", "Task0", "{7BA3E7DB-B203-46E2-8F17-0067134DC65B}"
EndProject
Project("{FAE04EC0-301F-11D3-BF4B-00C04F79EFBC}") = "Tyuiu.KultyshevaEA.Sprint3.Task0.V24", "Tyuiu.KultyshevaEA.Sprint3.Task0.V24\Tyuiu.KultyshevaEA.Sprint3.Task0.V24.csproj", "{FCCB12EA-9C4B-4448-B482-43B96FCA8043}"
EndProject
Project("{FAE04EC0-301F-11D3-BF4B-00C04F79EFBC}") = "Tyuiu.KultyshevaEA.Sprint3.Task0.V24.Lib", "Tyuiu.KultyshevaEA.Sprint3.Task0.V24.Lib\Tyuiu.KultyshevaEA.Sprint3.Task0.V24.Lib.csproj", "{04F17D1C-2F8A-4A22-AF34-C82BED2979C7}"
EndProject
Project("{FAE04EC0-301F-11D3-BF4B-00C04F79EFBC}") = "Tyuiu.KultyshevaEA.Sprint3.Task0.V24.Test", "Tyuiu.KultyshevaEA.Sprint3.Task0.V24.Test\Tyuiu.KultyshevaEA.Sprint3.Task0.V24.Test.csproj", "{C90B7E19-AF5D-46C4-BAB7-EEE019C7B6BB}"
EndProject
Global
	GlobalSection(SolutionConfigurationPlatforms) = preSolution
		Debug|Any CPU = Debug|Any CPU
		Release|Any CPU = Release|Any CPU
	EndGlobalSection
	GlobalSection(ProjectConfigurationPlatforms) = postSolution
		{FCCB12EA-9C4B-4448-B482-43B96FCA8043}.Debug|Any CPU.ActiveCfg = Debug|Any CPU
		{FCCB12EA-9C4B-4448-B482-43B96FCA8043}.Debug|Any CPU.Build.0 = Debug|Any CPU
		{FCCB12EA-9C4B-4448-B482-43B96FCA8043}.Release|Any CPU.ActiveCfg = Release|Any CPU
		{FCCB12EA-9C4B-4448-B482-43B96FCA8043}.Release|Any CPU.Build.0 = Release|Any CPU
		{04F17D1C-2F8A-4A22-AF34-C82BED2979C7}.Debug|Any CPU.ActiveCfg = Debug|Any CPU
		{04F17D1C-2F8A-4A22-AF34-C82BED2979C7}.Debug|Any CPU.Build.0 = Debug|Any CPU
		{04F17D1C-2F8A-4A22-AF34-C82BED2979C7}.Release|Any CPU.ActiveCfg = Release|Any CPU
		{04F17D1C-2F8A-4A22-AF34-C82BED2979C7}.Release|Any CPU.Build.0 = Release|Any CPU
		{C90B7E19-AF5D-46C4-BAB7-EEE019C7B6BB}.Debug|Any CPU.ActiveCfg = Debug|Any CPU
		{C90B7E19-AF5D-46C4-BAB7-EEE019C7B6BB}.Debug|Any CPU.Build.0 = Debug|Any CPU
		{C90B7E19-AF5D-46C4-BAB7-EEE019C7B6BB}.Release|Any CPU.ActiveCfg = Release|Any CPU
		{C90B7E19-AF5D-46C4-BAB7-EEE019C7B6BB}.Release|Any CPU.Build.0 = Release|Any CPU
	EndGlobalSection
	GlobalSection(SolutionProperties) = preSolution
		HideSolutionNode = FALSE
	EndGlobalSection
	GlobalSection(NestedProjects) = preSolution
		{FCCB12EA-9C4B-4448-B482-43B96FCA8043} = {7BA3E7DB-B203-46E2-8F17-0067134DC65B}
		{04F17D1C-2F8A-4A22-AF34-C82BED2979C7} = {7BA3E7DB-B203-46E2-8F17-0067134DC65B}
		{C90B7E19-AF5D-46C4-BAB7-EEE019C7B6BB} = {7BA3E7DB-B203-46E2-8F17-0067134DC65B}
	EndGlobalSection
	GlobalSection(ExtensibilityGlobals) = postSolution
		SolutionGuid = {BA5886BF-C08E-442B-B5C2-DB7C2E7B1748}
	EndGlobalSection
EndGlobal
